{
  "version": 1,
  "dependencies": {
    "net6.0": {
      "Microsoft.VisualStudio.Azure.Containers.Tools.Targets": {
        "type": "Direct",
        "requested": "[1.15.0, )",
        "resolved": "1.15.0",
        "contentHash": "63WC4TTNYIGp0pRf9yGrXVqVyPWTtY/r4tFBCOx5d14QVdQPIUqGzE9TWDO1/lOwg+aN0/S3DZTUw9kBSHT/Mg=="
      },
      "Serilog.AspNetCore": {
        "type": "Direct",
        "requested": "[6.0.0-dev-00265, )",
        "resolved": "6.0.0-dev-00265",
        "contentHash": "Ypj6kEJEgMJ9sIQRMLibWdKuwDTx6bSZb423puxeIANdycFg5F2ZZq/c3GPdC/XDp/gmiwB8Q9NI1aCyBNt0fg==",
        "dependencies": {
          "Microsoft.Extensions.DependencyInjection": "5.0.0",
          "Microsoft.Extensions.Logging": "5.0.0",
          "Serilog": "2.10.0",
          "Serilog.Extensions.Hosting": "5.0.0-dev-00093",
          "Serilog.Formatting.Compact": "1.1.0",
          "Serilog.Settings.Configuration": "3.3.0",
          "Serilog.Sinks.Console": "4.0.1",
          "Serilog.Sinks.Debug": "2.0.0",
          "Serilog.Sinks.File": "5.0.0"
        }
      },
      "Serilog.Sinks.Console": {
        "type": "Direct",
        "requested": "[4.0.2-dev-00890, )",
        "resolved": "4.0.2-dev-00890",
        "contentHash": "5l0OWV0dk0fAzascJUY0tWrAPqrleSs2uhZzW2y9iYXFYtEfMBPTi1+UHPO6Pa76Z4ZG06s2mpGfjAdPSpIxNw==",
        "dependencies": {
          "Serilog": "2.10.0"
        }
      },
      "Serilog.Sinks.File": {
        "type": "Direct",
        "requested": "[5.0.1-dev-00947, )",
        "resolved": "5.0.1-dev-00947",
        "contentHash": "rCxuBUTC4v/Mawa2bCD0CkEODiCIJqQvxZfWmZb9O2W1hcZ77WCrNGw2nKnXCuSII4cuWip9QwWbn9wmLzS5sA==",
        "dependencies": {
          "Serilog": "2.10.0"
        }
      },
      "Swashbuckle.AspNetCore": {
        "type": "Direct",
        "requested": "[6.3.0, )",
        "resolved": "6.3.0",
        "contentHash": "3TAV6JqsJF2F5e5d/tiQuW/TlzKXB/n2IcL5QR1FP8ArmLhmPkpeHiLZ3+1YnJ5840/X5ApvpRRJpM9809IjTg==",
        "dependencies": {
          "Microsoft.Extensions.ApiDescription.Server": "3.0.0",
          "Swashbuckle.AspNetCore.Swagger": "6.3.0",
          "Swashbuckle.AspNetCore.SwaggerGen": "6.3.0",
          "Swashbuckle.AspNetCore.SwaggerUI": "6.3.0"
        }
      },
      "JetBrains.Annotations": {
        "type": "Transitive",
        "resolved": "2021.3.0",
        "contentHash": "Ddxjs5RRjf+c8m9m++WvhW1lz1bqNhsTjWvCLbQN9bvKbkJeR9MhtfNwKgBRRdG2yLHcXFr5Lf7fsvvkiPaDRg=="
      },
      "Microsoft.Extensions.ApiDescription.Server": {
        "type": "Transitive",
        "resolved": "3.0.0",
        "contentHash": "LH4OE/76F6sOCslif7+Xh3fS/wUUrE5ryeXAMcoCnuwOQGT5Smw0p57IgDh/pHgHaGz/e+AmEQb7pRgb++wt0w=="
      },
      "Microsoft.Extensions.Configuration.Abstractions": {
        "type": "Transitive",
        "resolved": "6.0.0",
        "contentHash": "qWzV9o+ZRWq+pGm+1dF+R7qTgTYoXvbyowRoBxQJGfqTpqDun2eteerjRQhq5PQ/14S+lqto3Ft4gYaRyl4rdQ==",
        "dependencies": {
          "Microsoft.Extensions.Primitives": "6.0.0"
        }
      },
      "Microsoft.Extensions.Configuration.Binder": {
        "type": "Transitive",
        "resolved": "6.0.0",
        "contentHash": "b3ErKzND8LIC7o08QAVlKfaEIYEvLJbtmVbFZVBRXeu9YkKfSSzLZfR1SUfQPBIy9mKLhEtJgGYImkcMNaKE0A==",
        "dependencies": {
          "Microsoft.Extensions.Configuration.Abstractions": "6.0.0"
        }
      },
      "Microsoft.Extensions.DependencyInjection": {
        "type": "Transitive",
        "resolved": "5.0.0",
        "contentHash": "Rc2kb/p3Ze6cP6rhFC3PJRdWGbLvSHZc0ev7YlyeU6FmHciDMLrhoVoTUEzKPhN5ZjFgKF1Cf5fOz8mCMIkvpA==",
        "dependencies": {
          "Microsoft.Extensions.DependencyInjection.Abstractions": "5.0.0"
        }
      },
      "Microsoft.Extensions.DependencyInjection.Abstractions": {
        "type": "Transitive",
        "resolved": "5.0.0",
        "contentHash": "ORj7Zh81gC69TyvmcUm9tSzytcy8AVousi+IVRAI8nLieQjOFryRusSFh7+aLk16FN9pQNqJAiMd7BTKINK0kA=="
      },
      "Microsoft.Extensions.DependencyModel": {
        "type": "Transitive",
        "resolved": "3.0.0",
        "contentHash": "Iaectmzg9Dc4ZbKX/FurrRjgO/I8rTumL5UU+Uube6vZuGetcnXoIgTA94RthFWePhdMVm8MMhVFJZdbzMsdyQ==",
        "dependencies": {
          "System.Text.Json": "4.6.0"
        }
      },
      "Microsoft.Extensions.FileProviders.Abstractions": {
        "type": "Transitive",
        "resolved": "3.1.8",
        "contentHash": "U7ffyzrPfRDH5K3h/mBpqJVoHbppw1kc1KyHZcZeDR7b1A0FRaqMSiizGpN9IGwWs9BuN7oXIKFyviuSGBjHtQ==",
        "dependencies": {
          "Microsoft.Extensions.Primitives": "3.1.8"
        }
      },
      "Microsoft.Extensions.Hosting.Abstractions": {
        "type": "Transitive",
        "resolved": "3.1.8",
        "contentHash": "7ZJUKwPipkDvuv2KJPZ3r01wp2AWNMiYH+61i0dL89F7QICknjKpWgLKLpTSUYFgl77S3b4264I6i4HzDdrb2A==",
        "dependencies": {
          "Microsoft.Extensions.Configuration.Abstractions": "3.1.8",
          "Microsoft.Extensions.DependencyInjection.Abstractions": "3.1.8",
          "Microsoft.Extensions.FileProviders.Abstractions": "3.1.8",
          "Microsoft.Extensions.Logging.Abstractions": "3.1.8"
        }
      },
      "Microsoft.Extensions.Logging": {
        "type": "Transitive",
        "resolved": "5.0.0",
        "contentHash": "MgOwK6tPzB6YNH21wssJcw/2MKwee8b2gI7SllYfn6rvTpIrVvVS5HAjSU2vqSku1fwqRvWP0MdIi14qjd93Aw==",
        "dependencies": {
          "Microsoft.Extensions.DependencyInjection": "5.0.0",
          "Microsoft.Extensions.DependencyInjection.Abstractions": "5.0.0",
          "Microsoft.Extensions.Logging.Abstractions": "5.0.0",
          "Microsoft.Extensions.Options": "5.0.0"
        }
      },
      "Microsoft.Extensions.Logging.Abstractions": {
        "type": "Transitive",
        "resolved": "5.0.0",
        "contentHash": "NxP6ahFcBnnSfwNBi2KH2Oz8Xl5Sm2krjId/jRR3I7teFphwiUoUeZPwTNA21EX+5PtjqmyAvKaOeBXcJjcH/w=="
      },
      "Microsoft.Extensions.Options": {
        "type": "Transitive",
        "resolved": "5.0.0",
        "contentHash": "CBvR92TCJ5uBIdd9/HzDSrxYak+0W/3+yxrNg8Qm6Bmrkh5L+nu6m3WeazQehcZ5q1/6dDA7J5YdQjim0165zg==",
        "dependencies": {
          "Microsoft.Extensions.DependencyInjection.Abstractions": "5.0.0",
          "Microsoft.Extensions.Primitives": "5.0.0"
        }
      },
      "Microsoft.Extensions.Options.ConfigurationExtensions": {
        "type": "Transitive",
        "resolved": "2.0.0",
        "contentHash": "Y/lGICwO27fCkQRK3tZseVzFjZaxfGmui990E67sB4MuiPzdJHnJDS/BeYWrHShSSBgCl4KyKRx4ux686fftPg==",
        "dependencies": {
          "Microsoft.Extensions.Configuration.Abstractions": "2.0.0",
          "Microsoft.Extensions.Configuration.Binder": "2.0.0",
          "Microsoft.Extensions.DependencyInjection.Abstractions": "2.0.0",
          "Microsoft.Extensions.Options": "2.0.0"
        }
      },
      "Microsoft.Extensions.Primitives": {
        "type": "Transitive",
        "resolved": "6.0.0",
        "contentHash": "9+PnzmQFfEFNR9J2aDTfJGGupShHjOuGw4VUv+JB044biSHrnmCIMD+mJHmb2H7YryrfBEXDurxQ47gJZdCKNQ==",
        "dependencies": {
          "System.Runtime.CompilerServices.Unsafe": "6.0.0"
        }
      },
      "Microsoft.OpenApi": {
        "type": "Transitive",
        "resolved": "1.2.3",
        "contentHash": "Nug3rO+7Kl5/SBAadzSMAVgqDlfGjJZ0GenQrLywJ84XGKO0uRqkunz5Wyl0SDwcR71bAATXvSdbdzPrYRYKGw=="
      },
      "Serilog": {
        "type": "Transitive",
        "resolved": "2.10.0",
        "contentHash": "+QX0hmf37a0/OZLxM3wL7V6/ADvC1XihXN4Kq/p6d8lCPfgkRdiuhbWlMaFjR9Av0dy5F0+MBeDmDdRZN/YwQA=="
      },
      "Serilog.Extensions.Hosting": {
        "type": "Transitive",
        "resolved": "5.0.0-dev-00093",
        "contentHash": "weSVSWogu8LUQWrgl8j6Dt9tZ6hyC9KLaeNZOCID8P7Rk1TRs3NKcqdahrLvOS1g1xiDhhR2Q6sjbzZ7MXii2A==",
        "dependencies": {
          "Microsoft.Extensions.DependencyInjection.Abstractions": "3.1.8",
          "Microsoft.Extensions.Hosting.Abstractions": "3.1.8",
          "Microsoft.Extensions.Logging.Abstractions": "3.1.8",
          "Serilog": "2.10.0",
          "Serilog.Extensions.Logging": "3.1.0"
        }
      },
      "Serilog.Extensions.Logging": {
        "type": "Transitive",
        "resolved": "3.1.0",
        "contentHash": "IWfem7wfrFbB3iw1OikqPFNPEzfayvDuN4WP7Ue1AVFskalMByeWk3QbtUXQR34SBkv1EbZ3AySHda/ErDgpcg==",
        "dependencies": {
          "Microsoft.Extensions.Logging": "2.0.0",
          "Serilog": "2.9.0"
        }
      },
      "Serilog.Formatting.Compact": {
        "type": "Transitive",
        "resolved": "1.1.0",
        "contentHash": "pNroKVjo+rDqlxNG5PXkRLpfSCuDOBY0ri6jp9PLe505ljqwhwZz8ospy2vWhQlFu5GkIesh3FcDs4n7sWZODA==",
        "dependencies": {
          "Serilog": "2.8.0"
        }
      },
      "Serilog.Settings.Configuration": {
        "type": "Transitive",
        "resolved": "3.3.0",
        "contentHash": "7GNudISZwqaT902hqEL2OFGTZeUFWfnrNLupJkOqeF41AR3GjcxX+Hwb30xb8gG2/CDXsCMVfF8o0+8KY0fJNg==",
        "dependencies": {
          "Microsoft.Extensions.DependencyModel": "3.0.0",
          "Microsoft.Extensions.Options.ConfigurationExtensions": "2.0.0",
          "Serilog": "2.10.0"
        }
      },
      "Serilog.Sinks.Debug": {
        "type": "Transitive",
        "resolved": "2.0.0",
        "contentHash": "Y6g3OBJ4JzTyyw16fDqtFcQ41qQAydnEvEqmXjhwhgjsnG/FaJ8GUqF5ldsC/bVkK8KYmqrPhDO+tm4dF6xx4A==",
        "dependencies": {
          "Serilog": "2.10.0"
        }
      },
      "Swashbuckle.AspNetCore.Swagger": {
        "type": "Transitive",
        "resolved": "6.3.0",
        "contentHash": "+taHh7kowNF+tQo9a82avwDtfqhAC82jTZTqZwypDpauPvwavyVtJ7+ERxE+yDb6U/nOcMicMmDAGbqbJ2Pc+Q==",
        "dependencies": {
          "Microsoft.OpenApi": "1.2.3"
        }
      },
      "Swashbuckle.AspNetCore.SwaggerGen": {
        "type": "Transitive",
        "resolved": "6.3.0",
        "contentHash": "8PRLtqCXTIfc+W/pcyab8GqHzHuFRZ3L+9/fix/ssVknwy/pbgkOqgzq9DGWfKz+MZReIp5ajZLR7bXioDdacQ==",
        "dependencies": {
          "Swashbuckle.AspNetCore.Swagger": "6.3.0"
        }
      },
      "Swashbuckle.AspNetCore.SwaggerUI": {
        "type": "Transitive",
        "resolved": "6.3.0",
        "contentHash": "OmVLGzyeNBFUAx6E/bqrZW4uxfv9q2MtegYzeHv5Dj8N34ry8104d6OcyRIV4BhwHBSFD1rMvDlPciguFMtQ5w=="
      },
      "System.Reactive": {
        "type": "Transitive",
        "resolved": "5.0.0",
        "contentHash": "erBZjkQHWL9jpasCE/0qKAryzVBJFxGHVBAvgRN1bzM0q2s1S4oYREEEL0Vb+1kA/6BKb5FjUZMp5VXmy+gzkQ=="
      },
      "System.Runtime.CompilerServices.Unsafe": {
        "type": "Transitive",
        "resolved": "6.0.0",
        "contentHash": "/iUeP3tq1S0XdNNoMz5C9twLSrM/TH+qElHkXWaPvuNOt+99G75NrV0OS2EqHx5wMN7popYjpc8oTjC1y16DLg=="
      },
      "System.Text.Json": {
        "type": "Transitive",
        "resolved": "4.6.0",
        "contentHash": "4F8Xe+JIkVoDJ8hDAZ7HqLkjctN/6WItJIzQaifBwClC7wmoLSda/Sv2i6i1kycqDb3hWF4JCVbpAweyOKHEUA=="
      },
      "idasen.restapi.microservice.shared": {
        "type": "Project",
        "dependencies": {
          "JetBrains.Annotations": "2021.3.0",
          "Microsoft.Extensions.Configuration.Binder": "6.0.0",
          "Serilog.AspNetCore": "6.0.0-dev-00265",
          "Serilog.Sinks.Console": "4.0.2-dev-00890",
          "Serilog.Sinks.File": "5.0.1-dev-00947",
          "System.Reactive": "5.0.0"
        }
      }
    }
  }
}