
Microsoft Visual Studio Solution File, Format Version 12.00
# Visual Studio Version 16
VisualStudioVersion = 16.0.30002.166
MinimumVisualStudioVersion = 10.0.40219.1
Project("{9A19103F-16F7-4668-BE54-9A1E7A4F7556}") = "Idasen.ConsoleApp", "Idasen.ConsoleApp\Idasen.ConsoleApp.csproj", "{BB7A1771-4B08-439F-B55E-307AC82FB05A}"
EndProject
Project("{9A19103F-16F7-4668-BE54-9A1E7A4F7556}") = "Idasen.BluetoothLE.Linak", "Idasen.BluetoothLE.Linak\Idasen.BluetoothLE.Linak.csproj", "{BA58F936-5861-40B9-94DC-3BAC1D47D484}"
EndProject
Project("{9A19103F-16F7-4668-BE54-9A1E7A4F7556}") = "Idasen.BluetoothLE.Core", "Idasen.BluetoothLE.Core\Idasen.BluetoothLE.Core.csproj", "{38E8B5E9-671C-4FCB-A324-3197AD835C62}"
EndProject
Project("{9A19103F-16F7-4668-BE54-9A1E7A4F7556}") = "Idasen.BluetoothLE.Characteristics", "Idasen.BluetoothLE.Characteristics\Idasen.BluetoothLE.Characteristics.csproj", "{04478B47-60E8-4A25-B397-5E6DA86580B9}"
EndProject
Project("{2150E333-8FDC-42A3-9474-1A3956D46DE8}") = "UnitTests", "UnitTests", "{DE79030B-8ABA-4042-9DBC-9ADF7469498C}"
EndProject
Project("{9A19103F-16F7-4668-BE54-9A1E7A4F7556}") = "Idasen.BluetoothLE.Linak.Tests", "Idasen.BluetoothLE.Linak.Tests\Idasen.BluetoothLE.Linak.Tests.csproj", "{5261F1F3-CF5B-49B5-AB4D-EF88F92D2AD1}"
EndProject
Project("{9A19103F-16F7-4668-BE54-9A1E7A4F7556}") = "Idasen.BluetoothLE.Core.Tests", "Idasen.BluetoothLE.Core.Tests\Idasen.BluetoothLE.Core.Tests.csproj", "{6138660A-B5AE-472E-B5D1-31606DB9943D}"
EndProject
Project("{9A19103F-16F7-4668-BE54-9A1E7A4F7556}") = "Idasen.BluetoothLE.Characteristics.Tests", "Idasen.BluetoothLE.Characteristics.Tests\Idasen.BluetoothLE.Characteristics.Tests.csproj", "{85B26C7D-41AB-45BD-BACF-81B02EED2078}"
EndProject
Project("{9A19103F-16F7-4668-BE54-9A1E7A4F7556}") = "Idasen.Launcher", "Idasen.Launcher\Idasen.Launcher.csproj", "{055A79E3-56CB-46A9-8882-7F2500D80DFF}"
EndProject
Project("{9A19103F-16F7-4668-BE54-9A1E7A4F7556}") = "Idasen.SystemTray", "Idasen.SystemTray\Idasen.SystemTray.csproj", "{44B3BFDF-A5FF-48CD-9C99-33928E660498}"
EndProject
Project("{54435603-DBB4-11D2-8724-00A0C9A8B90C}") = "Idasen.SystemTray.Setup", "Idasen.SystemTray.Setup\Idasen.SystemTray.Setup.vdproj", "{255DDD87-2586-4461-A45C-FF062A4D66AB}"
EndProject
Project("{9A19103F-16F7-4668-BE54-9A1E7A4F7556}") = "Idasen.BluetoothLE.Common.Tests", "Idasen.BluetoothLE.Common.Tests\Idasen.BluetoothLE.Common.Tests.csproj", "{E363AA7E-28BD-4EF5-B709-3E4DB28BCD04}"
EndProject
Project("{FAE04EC0-301F-11D3-BF4B-00C04F79EFBC}") = "Idasen.Aop", "Idasen.Aop\Idasen.Aop.csproj", "{5597EE14-0D54-483A-B3F7-22C739FCEFEF}"
EndProject
Global
	GlobalSection(SolutionConfigurationPlatforms) = preSolution
		Debug|Any CPU = Debug|Any CPU
		Release|Any CPU = Release|Any CPU
	EndGlobalSection
	GlobalSection(ProjectConfigurationPlatforms) = postSolution
		{BB7A1771-4B08-439F-B55E-307AC82FB05A}.Debug|Any CPU.ActiveCfg = Debug|Any CPU
		{BB7A1771-4B08-439F-B55E-307AC82FB05A}.Debug|Any CPU.Build.0 = Debug|Any CPU
		{BB7A1771-4B08-439F-B55E-307AC82FB05A}.Release|Any CPU.ActiveCfg = Release|Any CPU
		{BB7A1771-4B08-439F-B55E-307AC82FB05A}.Release|Any CPU.Build.0 = Release|Any CPU
		{BA58F936-5861-40B9-94DC-3BAC1D47D484}.Debug|Any CPU.ActiveCfg = Debug|Any CPU
		{BA58F936-5861-40B9-94DC-3BAC1D47D484}.Debug|Any CPU.Build.0 = Debug|Any CPU
		{BA58F936-5861-40B9-94DC-3BAC1D47D484}.Release|Any CPU.ActiveCfg = Release|Any CPU
		{BA58F936-5861-40B9-94DC-3BAC1D47D484}.Release|Any CPU.Build.0 = Release|Any CPU
		{38E8B5E9-671C-4FCB-A324-3197AD835C62}.Debug|Any CPU.ActiveCfg = Debug|Any CPU
		{38E8B5E9-671C-4FCB-A324-3197AD835C62}.Debug|Any CPU.Build.0 = Debug|Any CPU
		{38E8B5E9-671C-4FCB-A324-3197AD835C62}.Release|Any CPU.ActiveCfg = Release|Any CPU
		{38E8B5E9-671C-4FCB-A324-3197AD835C62}.Release|Any CPU.Build.0 = Release|Any CPU
		{04478B47-60E8-4A25-B397-5E6DA86580B9}.Debug|Any CPU.ActiveCfg = Debug|Any CPU
		{04478B47-60E8-4A25-B397-5E6DA86580B9}.Debug|Any CPU.Build.0 = Debug|Any CPU
		{04478B47-60E8-4A25-B397-5E6DA86580B9}.Release|Any CPU.ActiveCfg = Release|Any CPU
		{04478B47-60E8-4A25-B397-5E6DA86580B9}.Release|Any CPU.Build.0 = Release|Any CPU
		{5261F1F3-CF5B-49B5-AB4D-EF88F92D2AD1}.Debug|Any CPU.ActiveCfg = Debug|Any CPU
		{5261F1F3-CF5B-49B5-AB4D-EF88F92D2AD1}.Debug|Any CPU.Build.0 = Debug|Any CPU
		{5261F1F3-CF5B-49B5-AB4D-EF88F92D2AD1}.Release|Any CPU.ActiveCfg = Release|Any CPU
		{5261F1F3-CF5B-49B5-AB4D-EF88F92D2AD1}.Release|Any CPU.Build.0 = Release|Any CPU
		{6138660A-B5AE-472E-B5D1-31606DB9943D}.Debug|Any CPU.ActiveCfg = Debug|Any CPU
		{6138660A-B5AE-472E-B5D1-31606DB9943D}.Debug|Any CPU.Build.0 = Debug|Any CPU
		{6138660A-B5AE-472E-B5D1-31606DB9943D}.Release|Any CPU.ActiveCfg = Release|Any CPU
		{6138660A-B5AE-472E-B5D1-31606DB9943D}.Release|Any CPU.Build.0 = Release|Any CPU
		{85B26C7D-41AB-45BD-BACF-81B02EED2078}.Debug|Any CPU.ActiveCfg = Debug|Any CPU
		{85B26C7D-41AB-45BD-BACF-81B02EED2078}.Debug|Any CPU.Build.0 = Debug|Any CPU
		{85B26C7D-41AB-45BD-BACF-81B02EED2078}.Release|Any CPU.ActiveCfg = Release|Any CPU
		{85B26C7D-41AB-45BD-BACF-81B02EED2078}.Release|Any CPU.Build.0 = Release|Any CPU
		{055A79E3-56CB-46A9-8882-7F2500D80DFF}.Debug|Any CPU.ActiveCfg = Debug|Any CPU
		{055A79E3-56CB-46A9-8882-7F2500D80DFF}.Debug|Any CPU.Build.0 = Debug|Any CPU
		{055A79E3-56CB-46A9-8882-7F2500D80DFF}.Release|Any CPU.ActiveCfg = Release|Any CPU
		{055A79E3-56CB-46A9-8882-7F2500D80DFF}.Release|Any CPU.Build.0 = Release|Any CPU
		{44B3BFDF-A5FF-48CD-9C99-33928E660498}.Debug|Any CPU.ActiveCfg = Debug|Any CPU
		{44B3BFDF-A5FF-48CD-9C99-33928E660498}.Debug|Any CPU.Build.0 = Debug|Any CPU
		{44B3BFDF-A5FF-48CD-9C99-33928E660498}.Release|Any CPU.ActiveCfg = Release|Any CPU
		{44B3BFDF-A5FF-48CD-9C99-33928E660498}.Release|Any CPU.Build.0 = Release|Any CPU
		{255DDD87-2586-4461-A45C-FF062A4D66AB}.Debug|Any CPU.ActiveCfg = Debug
		{255DDD87-2586-4461-A45C-FF062A4D66AB}.Release|Any CPU.ActiveCfg = Release
		{E363AA7E-28BD-4EF5-B709-3E4DB28BCD04}.Debug|Any CPU.ActiveCfg = Debug|Any CPU
		{E363AA7E-28BD-4EF5-B709-3E4DB28BCD04}.Debug|Any CPU.Build.0 = Debug|Any CPU
		{E363AA7E-28BD-4EF5-B709-3E4DB28BCD04}.Release|Any CPU.ActiveCfg = Release|Any CPU
		{E363AA7E-28BD-4EF5-B709-3E4DB28BCD04}.Release|Any CPU.Build.0 = Release|Any CPU
		{5597EE14-0D54-483A-B3F7-22C739FCEFEF}.Debug|Any CPU.ActiveCfg = Debug|Any CPU
		{5597EE14-0D54-483A-B3F7-22C739FCEFEF}.Debug|Any CPU.Build.0 = Debug|Any CPU
		{5597EE14-0D54-483A-B3F7-22C739FCEFEF}.Release|Any CPU.ActiveCfg = Release|Any CPU
		{5597EE14-0D54-483A-B3F7-22C739FCEFEF}.Release|Any CPU.Build.0 = Release|Any CPU
	EndGlobalSection
	GlobalSection(SolutionProperties) = preSolution
		HideSolutionNode = FALSE
	EndGlobalSection
	GlobalSection(NestedProjects) = preSolution
		{5261F1F3-CF5B-49B5-AB4D-EF88F92D2AD1} = {DE79030B-8ABA-4042-9DBC-9ADF7469498C}
		{6138660A-B5AE-472E-B5D1-31606DB9943D} = {DE79030B-8ABA-4042-9DBC-9ADF7469498C}
		{85B26C7D-41AB-45BD-BACF-81B02EED2078} = {DE79030B-8ABA-4042-9DBC-9ADF7469498C}
		{E363AA7E-28BD-4EF5-B709-3E4DB28BCD04} = {DE79030B-8ABA-4042-9DBC-9ADF7469498C}
	EndGlobalSection
	GlobalSection(ExtensibilityGlobals) = postSolution
		SolutionGuid = {81560D5A-4795-4057-8AB3-0F5C54E673E1}
	EndGlobalSection
EndGlobal
