
Microsoft Visual Studio Solution File, Format Version 12.00
# Visual Studio Version 17
VisualStudioVersion = 17.0.31912.275
MinimumVisualStudioVersion = 10.0.40219.1
Project("{9A19103F-16F7-4668-BE54-9A1E7A4F7556}") = "Idasen.SystemTray.Win11", "Idasen.SystemTray.Win11\Idasen.SystemTray.Win11.csproj", "{ADE2707C-B623-4E75-A42E-C0014E85B2F1}"
EndProject
Project("{FAE04EC0-301F-11D3-BF4B-00C04F79EFBC}") = "Idasen.SystemTray.Win11.Tests", "Idasen.SystemTray.Win11.Tests\Idasen.SystemTray.Win11.Tests.csproj", "{21B96C5C-F01B-4A68-AD4C-50021059B025}"
EndProject
Global
	GlobalSection(SolutionConfigurationPlatforms) = preSolution
		Debug|Any CPU = Debug|Any CPU
		Release|Any CPU = Release|Any CPU
	EndGlobalSection
	GlobalSection(ProjectConfigurationPlatforms) = postSolution
		{ADE2707C-B623-4E75-A42E-C0014E85B2F1}.Debug|Any CPU.ActiveCfg = Debug|Any CPU
		{ADE2707C-B623-4E75-A42E-C0014E85B2F1}.Debug|Any CPU.Build.0 = Debug|Any CPU
		{ADE2707C-B623-4E75-A42E-C0014E85B2F1}.Release|Any CPU.ActiveCfg = Release|Any CPU
		{ADE2707C-B623-4E75-A42E-C0014E85B2F1}.Release|Any CPU.Build.0 = Release|Any CPU
		{21B96C5C-F01B-4A68-AD4C-50021059B025}.Debug|Any CPU.ActiveCfg = Debug|Any CPU
		{21B96C5C-F01B-4A68-AD4C-50021059B025}.Debug|Any CPU.Build.0 = Debug|Any CPU
		{21B96C5C-F01B-4A68-AD4C-50021059B025}.Release|Any CPU.ActiveCfg = Release|Any CPU
		{21B96C5C-F01B-4A68-AD4C-50021059B025}.Release|Any CPU.Build.0 = Release|Any CPU
	EndGlobalSection
	GlobalSection(SolutionProperties) = preSolution
		HideSolutionNode = FALSE
	EndGlobalSection
	GlobalSection(ExtensibilityGlobals) = postSolution
		SolutionGuid = {81560D5A-4795-4057-8AB3-0F5C54E673E1}
	EndGlobalSection
EndGlobal
